{
  "name": "decancer",
  "version": "1.1.0",
  "lockfileVersion": 2,
  "requires": true,
  "packages": {
    "": {
      "version": "1.1.0",
      "license": "MIT",
      "devDependencies": {
        "@napi-rs/cli": "^2.4.5"
      },
      "engines": {
        "node": ">= 10"
      }
    },
    "node_modules/@napi-rs/cli": {
      "version": "2.4.5",
      "resolved": "https://registry.npmjs.org/@napi-rs/cli/-/cli-2.4.5.tgz",
      "integrity": "sha512-CLa3PSHh4Y760OXkHidzfHavVtfbQyfMhj3sWpta3SZjbWMk0tbdPhRez9y8KVApVVWjBxz5agEeFMfxxr+KTg==",
      "dev": true,
      "bin": {
        "napi": "scripts/index.js"
      },
      "engines": {
        "node": ">= 10"
      },
      "funding": {
        "type": "github",
        "url": "https://github.com/sponsors/Brooooooklyn"
      }
    }
  },
  "dependencies": {
    "@napi-rs/cli": {
      "version": "2.4.5",
      "resolved": "https://registry.npmjs.org/@napi-rs/cli/-/cli-2.4.5.tgz",
      "integrity": "sha512-CLa3PSHh4Y760OXkHidzfHavVtfbQyfMhj3sWpta3SZjbWMk0tbdPhRez9y8KVApVVWjBxz5agEeFMfxxr+KTg==",
      "dev": true
    }
  }
}
