# THIS IS AN AUTOGENERATED FILE. DO NOT EDIT THIS FILE DIRECTLY.
# yarn lockfile v1


"@napi-rs/cli@^2.10.0":
  version "2.13.3"
  resolved "https://registry.yarnpkg.com/@napi-rs/cli/-/cli-2.13.3.tgz#ac4de8c551f190a646d0e1bd86ffbfaac08adef3"
  integrity sha512-nAlbKuakQ+YHZE+M3Afih9UA1jr+gx63Gt4xHA+j2xD1NY6TjQ+QCgF9Yaj/YZIkCc2t3CZh52znFrfbU8b2bA==

"@types/node@^18.0.0":
  version "18.11.17"
  resolved "https://registry.yarnpkg.com/@types/node/-/node-18.11.17.tgz#5c009e1d9c38f4a2a9d45c0b0c493fe6cdb4bcb5"
  integrity sha512-HJSUJmni4BeDHhfzn6nF0sVmd1SMezP7/4F0Lq+aXzmp2xm9O7WXrUtHW/CHlYVtZUbByEvWidHqRtcJXGF2Ng==

typescript@^4.7.4:
  version "4.9.4"
  resolved "https://registry.yarnpkg.com/typescript/-/typescript-4.9.4.tgz#a2a3d2756c079abda241d75f149df9d561091e78"
  integrity sha512-Uz+dTXYzxXXbsFpM86Wh3dKCxrQqUcVMxwU54orwlJjOpO3ao8L7j5lH+dWfTwgCwIuM9GQ2kvVotzYJMXTBZg==
