# THIS IS AN AUTOGENERATED FILE. DO NOT EDIT THIS FILE DIRECTLY.
# yarn lockfile v1


"@napi-rs/cli@^2.4.5":
  version "2.4.5"
  resolved "https://registry.yarnpkg.com/@napi-rs/cli/-/cli-2.4.5.tgz#0f33e54e08c2e875c729697eb81f1c36342f0205"
  integrity sha512-CLa3PSHh4Y760OXkHidzfHavVtfbQyfMhj3sWpta3SZjbWMk0tbdPhRez9y8KVApVVWjBxz5agEeFMfxxr+KTg==
